
Microsoft Visual Studio Solution File, Format Version 12.00
# Visual Studio Version 17
VisualStudioVersion = 17.3.32929.385
MinimumVisualStudioVersion = 10.0.40219.1
Project("{FAE04EC0-301F-11D3-BF4B-00C04F79EFBC}") = "LinqConsoleApp", "LinqConsoleApp\LinqConsoleApp.csproj", "{57F50018-252D-4B4A-A722-6F13836898B9}"
EndProject
Global
	GlobalSection(SolutionConfigurationPlatforms) = preSolution
		Debug|Any CPU = Debug|Any CPU
		Release|Any CPU = Release|Any CPU
	EndGlobalSection
	GlobalSection(ProjectConfigurationPlatforms) = postSolution
		{57F50018-252D-4B4A-A722-6F13836898B9}.Debug|Any CPU.ActiveCfg = Debug|Any CPU
		{57F50018-252D-4B4A-A722-6F13836898B9}.Debug|Any CPU.Build.0 = Debug|Any CPU
		{57F50018-252D-4B4A-A722-6F13836898B9}.Release|Any CPU.ActiveCfg = Release|Any CPU
		{57F50018-252D-4B4A-A722-6F13836898B9}.Release|Any CPU.Build.0 = Release|Any CPU
	EndGlobalSection
	GlobalSection(SolutionProperties) = preSolution
		HideSolutionNode = FALSE
	EndGlobalSection
	GlobalSection(ExtensibilityGlobals) = postSolution
		SolutionGuid = {53713CBF-4897-457D-A671-261FDAC23F1D}
	EndGlobalSection
EndGlobal
